
Microsoft Visual Studio Solution File, Format Version 12.00
# Visual Studio Version 17
VisualStudioVersion = 17.2.32602.215
MinimumVisualStudioVersion = 10.0.40219.1
Project("{FAE04EC0-301F-11D3-BF4B-00C04F79EFBC}") = "PROVA 3", "PROVA 3\PROVA 3.csproj", "{888480AC-94A7-4AD4-AC19-55C927045019}"
EndProject
Global
	GlobalSection(SolutionConfigurationPlatforms) = preSolution
		Debug|Any CPU = Debug|Any CPU
		Release|Any CPU = Release|Any CPU
	EndGlobalSection
	GlobalSection(ProjectConfigurationPlatforms) = postSolution
		{888480AC-94A7-4AD4-AC19-55C927045019}.Debug|Any CPU.ActiveCfg = Debug|Any CPU
		{888480AC-94A7-4AD4-AC19-55C927045019}.Debug|Any CPU.Build.0 = Debug|Any CPU
		{888480AC-94A7-4AD4-AC19-55C927045019}.Release|Any CPU.ActiveCfg = Release|Any CPU
		{888480AC-94A7-4AD4-AC19-55C927045019}.Release|Any CPU.Build.0 = Release|Any CPU
	EndGlobalSection
	GlobalSection(SolutionProperties) = preSolution
		HideSolutionNode = FALSE
	EndGlobalSection
	GlobalSection(ExtensibilityGlobals) = postSolution
		SolutionGuid = {0FDE7305-D13C-4043-9E29-2B8EA5D72C2A}
	EndGlobalSection
EndGlobal
